
Microsoft Visual Studio Solution File, Format Version 12.00
# Visual Studio Version 17
VisualStudioVersion = 17.9.34728.123
MinimumVisualStudioVersion = 10.0.40219.1
Project("{FAE04EC0-301F-11D3-BF4B-00C04F79EFBC}") = "BlogApplication.Api", "BlogApplication.Api\BlogApplication.Api.csproj", "{8E9D722C-5AD4-4733-82D2-F33C8870BB53}"
EndProject
Global
	GlobalSection(SolutionConfigurationPlatforms) = preSolution
		Debug|Any CPU = Debug|Any CPU
		Release|Any CPU = Release|Any CPU
	EndGlobalSection
	GlobalSection(ProjectConfigurationPlatforms) = postSolution
		{8E9D722C-5AD4-4733-82D2-F33C8870BB53}.Debug|Any CPU.ActiveCfg = Debug|Any CPU
		{8E9D722C-5AD4-4733-82D2-F33C8870BB53}.Debug|Any CPU.Build.0 = Debug|Any CPU
		{8E9D722C-5AD4-4733-82D2-F33C8870BB53}.Release|Any CPU.ActiveCfg = Release|Any CPU
		{8E9D722C-5AD4-4733-82D2-F33C8870BB53}.Release|Any CPU.Build.0 = Release|Any CPU
	EndGlobalSection
	GlobalSection(SolutionProperties) = preSolution
		HideSolutionNode = FALSE
	EndGlobalSection
	GlobalSection(ExtensibilityGlobals) = postSolution
		SolutionGuid = {893921CA-1986-4496-9775-BF636D71B01D}
	EndGlobalSection
EndGlobal
